
Microsoft Visual Studio Solution File, Format Version 12.00
# Visual Studio Version 17
VisualStudioVersion = 17.3.32804.467
MinimumVisualStudioVersion = 10.0.40219.1
Project("{FAE04EC0-301F-11D3-BF4B-00C04F79EFBC}") = "Sehtie.App", "Sehtie.App\Sehtie.App.csproj", "{8B75E769-D6A1-4F73-9B8D-9B6BB9760CD3}"
EndProject
Project("{FAE04EC0-301F-11D3-BF4B-00C04F79EFBC}") = "Sehtie.Core", "Sehtie.Core\Sehtie.Core.csproj", "{DB6C5EC2-DF01-49FC-93A6-98334CC0FFC0}"
EndProject
Project("{FAE04EC0-301F-11D3-BF4B-00C04F79EFBC}") = "Sehtie.Repository", "Sehtie.Repository\Sehtie.Repository.csproj", "{2BF27FB1-D7E7-4FCB-89B1-93352BCFF4AB}"
EndProject
Project("{FAE04EC0-301F-11D3-BF4B-00C04F79EFBC}") = "Sehtie.Services", "Sehtie.Services\Sehtie.Services.csproj", "{9BD95585-0A79-4914-9BF0-3AB3E5C20C58}"
EndProject
Global
	GlobalSection(SolutionConfigurationPlatforms) = preSolution
		Debug|Any CPU = Debug|Any CPU
		Release|Any CPU = Release|Any CPU
	EndGlobalSection
	GlobalSection(ProjectConfigurationPlatforms) = postSolution
		{8B75E769-D6A1-4F73-9B8D-9B6BB9760CD3}.Debug|Any CPU.ActiveCfg = Debug|Any CPU
		{8B75E769-D6A1-4F73-9B8D-9B6BB9760CD3}.Debug|Any CPU.Build.0 = Debug|Any CPU
		{8B75E769-D6A1-4F73-9B8D-9B6BB9760CD3}.Release|Any CPU.ActiveCfg = Release|Any CPU
		{8B75E769-D6A1-4F73-9B8D-9B6BB9760CD3}.Release|Any CPU.Build.0 = Release|Any CPU
		{DB6C5EC2-DF01-49FC-93A6-98334CC0FFC0}.Debug|Any CPU.ActiveCfg = Debug|Any CPU
		{DB6C5EC2-DF01-49FC-93A6-98334CC0FFC0}.Debug|Any CPU.Build.0 = Debug|Any CPU
		{DB6C5EC2-DF01-49FC-93A6-98334CC0FFC0}.Release|Any CPU.ActiveCfg = Release|Any CPU
		{DB6C5EC2-DF01-49FC-93A6-98334CC0FFC0}.Release|Any CPU.Build.0 = Release|Any CPU
		{2BF27FB1-D7E7-4FCB-89B1-93352BCFF4AB}.Debug|Any CPU.ActiveCfg = Debug|Any CPU
		{2BF27FB1-D7E7-4FCB-89B1-93352BCFF4AB}.Debug|Any CPU.Build.0 = Debug|Any CPU
		{2BF27FB1-D7E7-4FCB-89B1-93352BCFF4AB}.Release|Any CPU.ActiveCfg = Release|Any CPU
		{2BF27FB1-D7E7-4FCB-89B1-93352BCFF4AB}.Release|Any CPU.Build.0 = Release|Any CPU
		{9BD95585-0A79-4914-9BF0-3AB3E5C20C58}.Debug|Any CPU.ActiveCfg = Debug|Any CPU
		{9BD95585-0A79-4914-9BF0-3AB3E5C20C58}.Debug|Any CPU.Build.0 = Debug|Any CPU
		{9BD95585-0A79-4914-9BF0-3AB3E5C20C58}.Release|Any CPU.ActiveCfg = Release|Any CPU
		{9BD95585-0A79-4914-9BF0-3AB3E5C20C58}.Release|Any CPU.Build.0 = Release|Any CPU
	EndGlobalSection
	GlobalSection(SolutionProperties) = preSolution
		HideSolutionNode = FALSE
	EndGlobalSection
	GlobalSection(ExtensibilityGlobals) = postSolution
		SolutionGuid = {11722F0F-5D53-4E7F-8D5C-8BD312CC7897}
	EndGlobalSection
EndGlobal
